# @generated - this file is auto-generated by `mise lock` https://mise.en.dev/dev-tools/mise-lock.html

[[tools.aube]]
version = "1.37.0"
backend = "github:endevco/aube"

[tools.aube."platforms.linux-arm64"]
checksum = "sha256:63488ce5494e80343129e360a59528562a9c5a82d538d10774c3e2f7ae0d8734"
url = "https://github.com/jdx/aube/releases/download/v1.37.0/aube-v1.37.0-aarch64-unknown-linux-gnu.tar.gz"
url_api = "https://api.github.com/repos/jdx/aube/releases/assets/496820640"
provenance = "github-attestations"

[tools.aube."platforms.linux-arm64-musl"]
checksum = "sha256:ebd90cdd570e58af23e31f43b3708be4778505316c8a842ac69929c191361bf3"
url = "https://github.com/jdx/aube/releases/download/v1.37.0/aube-v1.37.0-aarch64-unknown-linux-musl.tar.gz"
url_api = "https://api.github.com/repos/jdx/aube/releases/assets/496788139"
provenance = "github-attestations"

[tools.aube."platforms.linux-x64"]
checksum = "sha256:1775b37c4381bff2314c96635cac3eeb90b02bea0f33371e553a4431dc893546"
url = "https://github.com/jdx/aube/releases/download/v1.37.0/aube-v1.37.0-x86_64-unknown-linux-gnu.tar.gz"
url_api = "https://api.github.com/repos/jdx/aube/releases/assets/496796145"
provenance = "github-attestations"
provenance_verified = true

[tools.aube."platforms.linux-x64-baseline"]
checksum = "sha256:1775b37c4381bff2314c96635cac3eeb90b02bea0f33371e553a4431dc893546"
url = "https://github.com/jdx/aube/releases/download/v1.37.0/aube-v1.37.0-x86_64-unknown-linux-gnu.tar.gz"
url_api = "https://api.github.com/repos/jdx/aube/releases/assets/496796145"
provenance = "github-attestations"

[tools.aube."platforms.linux-x64-musl"]
checksum = "sha256:56f7b1978e66c6d5a80dc86c38c0b2c83e7019811524b41d941fdbf79b912a4c"
url = "https://github.com/jdx/aube/releases/download/v1.37.0/aube-v1.37.0-x86_64-unknown-linux-musl.tar.gz"
url_api = "https://api.github.com/repos/jdx/aube/releases/assets/496794035"
provenance = "github-attestations"

[tools.aube."platforms.linux-x64-musl-baseline"]
checksum = "sha256:56f7b1978e66c6d5a80dc86c38c0b2c83e7019811524b41d941fdbf79b912a4c"
url = "https://github.com/jdx/aube/releases/download/v1.37.0/aube-v1.37.0-x86_64-unknown-linux-musl.tar.gz"
url_api = "https://api.github.com/repos/jdx/aube/releases/assets/496794035"
provenance = "github-attestations"

[tools.aube."platforms.macos-arm64"]
checksum = "sha256:6fdc27e146e5d6a45abf60ef7cf2e83d5b7284acbba4cecf6237905bd528a916"
url = "https://github.com/jdx/aube/releases/download/v1.37.0/aube-v1.37.0-aarch64-apple-darwin.tar.gz"
url_api = "https://api.github.com/repos/jdx/aube/releases/assets/496852124"
provenance = "github-attestations"

[tools.aube."platforms.macos-x64"]
checksum = "sha256:4215eeb8c2febc488b766bb22d652d939bbbfd7e71a1f40ef8327ff375e89906"
url = "https://github.com/jdx/aube/releases/download/v1.37.0/libaube-x86_64-apple-darwin.dylib"
url_api = "https://api.github.com/repos/jdx/aube/releases/assets/496800802"
provenance = "github-attestations"

[tools.aube."platforms.macos-x64-baseline"]
checksum = "sha256:4215eeb8c2febc488b766bb22d652d939bbbfd7e71a1f40ef8327ff375e89906"
url = "https://github.com/jdx/aube/releases/download/v1.37.0/libaube-x86_64-apple-darwin.dylib"
url_api = "https://api.github.com/repos/jdx/aube/releases/assets/496800802"
provenance = "github-attestations"

[tools.aube."platforms.windows-x64"]
checksum = "sha256:7a264819a7c05d107ac72916f82209a183bfd26842b9528f1ca281bb32596c5e"
url = "https://github.com/jdx/aube/releases/download/v1.37.0/aube-v1.37.0-x86_64-pc-windows-msvc.zip"
url_api = "https://api.github.com/repos/jdx/aube/releases/assets/496805373"
provenance = "github-attestations"

[tools.aube."platforms.windows-x64-baseline"]
checksum = "sha256:7a264819a7c05d107ac72916f82209a183bfd26842b9528f1ca281bb32596c5e"
url = "https://github.com/jdx/aube/releases/download/v1.37.0/aube-v1.37.0-x86_64-pc-windows-msvc.zip"
url_api = "https://api.github.com/repos/jdx/aube/releases/assets/496805373"
provenance = "github-attestations"

[[tools.node]]
version = "24.15.0"
backend = "core:node"

[tools.node."platforms.linux-arm64"]
checksum = "sha256:73afc234d558c24919875f51c2d1ea002a2ada4ea6f83601a383869fefa64eed"
url = "https://nodejs.org/dist/v24.15.0/node-v24.15.0-linux-arm64.tar.gz"

[tools.node."platforms.linux-arm64-musl"]
checksum = "sha256:31e98aa960a067da91edffd5d93bc46657b5d2a8029612c359f5f2ac0060152a"
url = "https://unofficial-builds.nodejs.org/download/release/v24.15.0/node-v24.15.0-linux-arm64-musl.tar.gz"

[tools.node."platforms.linux-x64"]
checksum = "sha256:44836872d9aec49f1e6b52a9a922872db9a2b02d235a616a5681b6a85fec8d89"
url = "https://nodejs.org/dist/v24.15.0/node-v24.15.0-linux-x64.tar.gz"

[tools.node."platforms.linux-x64-baseline"]
checksum = "sha256:44836872d9aec49f1e6b52a9a922872db9a2b02d235a616a5681b6a85fec8d89"
url = "https://nodejs.org/dist/v24.15.0/node-v24.15.0-linux-x64.tar.gz"

[tools.node."platforms.linux-x64-musl"]
checksum = "sha256:f55af5bd489c5347b113ca6594cae00a54b30ba57ac5875324311bfc6f4762e3"
url = "https://unofficial-builds.nodejs.org/download/release/v24.15.0/node-v24.15.0-linux-x64-musl.tar.gz"

[tools.node."platforms.linux-x64-musl-baseline"]
checksum = "sha256:f55af5bd489c5347b113ca6594cae00a54b30ba57ac5875324311bfc6f4762e3"
url = "https://unofficial-builds.nodejs.org/download/release/v24.15.0/node-v24.15.0-linux-x64-musl.tar.gz"

[tools.node."platforms.macos-arm64"]
checksum = "sha256:372331b969779ab5d15b949884fc6eaf88d5afe87bde8ba881d6400b9100ffc4"
url = "https://nodejs.org/dist/v24.15.0/node-v24.15.0-darwin-arm64.tar.gz"

[tools.node."platforms.macos-x64"]
checksum = "sha256:ffd5ee293467927f3ee731a553eb88fd1f48cf74eebc2d74a6babe4af228673b"
url = "https://nodejs.org/dist/v24.15.0/node-v24.15.0-darwin-x64.tar.gz"

[tools.node."platforms.macos-x64-baseline"]
checksum = "sha256:ffd5ee293467927f3ee731a553eb88fd1f48cf74eebc2d74a6babe4af228673b"
url = "https://nodejs.org/dist/v24.15.0/node-v24.15.0-darwin-x64.tar.gz"

[tools.node."platforms.windows-x64"]
checksum = "sha256:cc5149eabd53779ce1e7bdc5401643622d0c7e6800ade18928a767e940bb0e62"
url = "https://nodejs.org/dist/v24.15.0/node-v24.15.0-win-x64.zip"

[tools.node."platforms.windows-x64-baseline"]
checksum = "sha256:cc5149eabd53779ce1e7bdc5401643622d0c7e6800ade18928a767e940bb0e62"
url = "https://nodejs.org/dist/v24.15.0/node-v24.15.0-win-x64.zip"
